{
    "_meta": {
        "hash": {
            "sha256": "cd390d36784ca746b405fab1c3bfed568da3b8f4b65a071670a9efa2598ffa97"
        },
        "pipfile-spec": 6,
        "requires": {
            "python_version": ">=3.9"
        },
        "sources": [
            {
                "name": "pypi",
                "url": "https://pypi.org/simple",
                "verify_ssl": true
            }
        ]
    },
    "default": {
        "asgiref": {
            "hashes": [
                "sha256:3e1e3ecc849832fe52ccf2cb6686b7a55f82bb1d6aee72a58826471390335e47",
                "sha256:c343bd80a0bec947a9860adb4c432ffa7db769836c64238fc34bdc3fec84d590"
            ],
            "markers": "python_version >= '3.8'",
            "version": "==3.8.1"
        },
        "chardet": {
            "hashes": [
                "sha256:1b3b6ff479a8c414bc3fa2c0852995695c4a026dcd6d0633b2dd092ca39c1cf7",
                "sha256:e1cf59446890a00105fe7b7912492ea04b6e6f06d4b742b2c788469e34c82970"
            ],
            "markers": "python_version >= '3.7'",
            "version": "==5.2.0"
        },
        "crispy-bootstrap4": {
            "hashes": [
                "sha256:5241ab1dc2188c95560aa786439bcbedec7416e6b0f5a52dded82380810367ec",
                "sha256:f18386c4d96180c1bb1212487d6e8f5a3dd1a9bb58d3032183973d4d130b55f9"
            ],
            "index": "pypi",
            "markers": "python_version >= '3.7'",
            "version": "==2022.1"
        },
        "cssselect2": {
            "hashes": [
                "sha256:1ccd984dab89fc68955043aca4e1b03e0cf29cad9880f6e28e3ba7a74b14aa5a",
                "sha256:fd23a65bfd444595913f02fc71f6b286c29261e354c41d722ca7a261a49b5969"
            ],
            "markers": "python_version >= '3.7'",
            "version": "==0.7.0"
        },
        "django": {
            "hashes": [
                "sha256:7ca38a78654aee72378594d63e51636c04b8e28574f5505dff630895b5472777",
                "sha256:a52ea7fcf280b16f7b739cec38fa6d3f8953a5456986944c3ca97e79882b4e38"
            ],
            "index": "pypi",
            "markers": "python_version >= '3.6'",
            "version": "==3.2.25"
        },
        "django-classy-tags": {
            "hashes": [
                "sha256:1c784cf1bac49c20a77b8f7d1541867c64076642a160a847ff449588d4e01e55",
                "sha256:c8d9d1aa2fa6e71c4d866df4dd11d23a69b8d25bbb750b2490a17b161774ee59"
            ],
            "markers": "python_version >= '3.8'",
            "version": "==4.1.0"
        },
        "django-cms": {
            "hashes": [
                "sha256:6feaa6f3b7f225e08f221cf33d6135a1e268e9b781dae4bf916239c3f54e7b27"
            ],
            "index": "pypi",
            "version": "==3.9.0"
        },
        "django-crispy-forms": {
            "hashes": [
                "sha256:90193b068bf948d9c68449bc8260afed1a8e2afe11ee0bac8c4ebfaeb175b322",
                "sha256:d1d4e585929058a9ab3b797666ea5b69320b9ba7937f9d146d32173246a6fd13"
            ],
            "index": "pypi",
            "markers": "python_version >= '3.7'",
            "version": "==2.0"
        },
        "django-filer": {
            "hashes": [
                "sha256:126026a15a160561097e0c486839c4cf3076f4363065e287e692c9316d197a86",
                "sha256:c58628155ace4bb9f10f6ea9cdf92049b5961bd2ef82c5a3b76f09091f8af50d"
            ],
            "index": "pypi",
            "markers": "python_version >= '3.8'",
            "version": "==3.1.1"
        },
        "django-formtools": {
            "hashes": [
                "sha256:47cb34552c6efca088863d693284d04fc36eaaf350eb21e1a1d935e0df523c93",
                "sha256:bce9b64eda52cc1eef6961cc649cf75aacd1a707c2fff08d6c3efcbc8e7e761a"
            ],
            "markers": "python_version >= '3.8'",
            "version": "==2.5.1"
        },
        "django-js-asset": {
            "hashes": [
                "sha256:0c57a82cae2317e83951d956110ce847f58ff0cdc24e314dbc18b35033917e94",
                "sha256:7ef3e858e13d06f10799b56eea62b1e76706f42cf4e709be4e13356bc0ae30d8"
            ],
            "markers": "python_version >= '3.8'",
            "version": "==2.2.0"
        },
        "django-mptt": {
            "hashes": [
                "sha256:56c9606bf0b329b5f5afd55dd8bfd073612ea1d5999b10903b09de62bee84c8e",
                "sha256:8716849ba3318d94e2e100ed0923a05c1ffdf8195f8472b690dbaf737d2af3b5"
            ],
            "index": "pypi",
            "markers": "python_version >= '3.9'",
            "version": "==0.16.0"
        },
        "django-polymorphic": {
            "hashes": [
                "sha256:08bc4f4f4a773a19b2deced5a56deddd1ef56ebd15207bf4052e2901c25ef57e",
                "sha256:d6955b5308bf6e41dcb22ba7c96f00b51dfa497a8a5ab1e9c06c7951bf417bf8"
            ],
            "index": "pypi",
            "version": "==3.1.0"
        },
        "django-sekizai": {
            "hashes": [
                "sha256:2aca36cbae0b5c0cefed9565416ec442335767fb3145bff11e58622fc653cdad",
                "sha256:aa12e66ba0335fbe726b7d74cf4e8716b89a0be99a1304a9b9e8b191229e2e4a"
            ],
            "index": "pypi",
            "markers": "python_version >= '3.8'",
            "version": "==4.1.0"
        },
        "django-treebeard": {
            "hashes": [
                "sha256:846e462904b437155f76e04907ba4e48480716855f88b898df4122bdcfbd6e98",
                "sha256:995c7120153ab999898fe3043bbdcd8a0fc77cc106eb94de7350e9d02c885135"
            ],
            "index": "pypi",
            "markers": "python_version >= '3.8'",
            "version": "==4.7.1"
        },
        "djangocms-admin-style": {
            "hashes": [
                "sha256:9b76aafda245205e0a88d57efd5097a96c1a7fcb78d7f3efa50955eb980079de",
                "sha256:da20de3831f1a1a74de33fe12bbd3865a0027a982878c02aa1d102b1c799d767"
            ],
            "markers": "python_version >= '3.7'",
            "version": "==3.3.1"
        },
        "djangocms-attributes-field": {
            "hashes": [
                "sha256:21a0e1642ffc3d9fbc9284b07024c4ca29f7fe9ffbd2c0aecd22585ff5275a86",
                "sha256:70cbcb8e826b5a6bceba348119ddc01fa5910af4cb4002eb9895d311950b0d9a"
            ],
            "version": "==3.0.0"
        },
        "djangocms-bootstrap4": {
            "hashes": [
                "sha256:9536cbea4f96e80469a84da3e26b9a01ba1f424dcd20afe62b2a0946287d5dd3",
                "sha256:f9344ed31e83e8f38754d010f6450924c8757c55af7577ca1b70a6ffac9341e1"
            ],
            "index": "pypi",
            "version": "==3.0.1"
        },
        "djangocms-file": {
            "hashes": [
                "sha256:83a41fa18d5a0d032e79093de51503862dd6812bd63dfe6de06c5dd078108336",
                "sha256:b4952eb57385fadb31f67ed61e34eec3fe5886669163f959d1b56a9ac0fb5b42"
            ],
            "index": "pypi",
            "version": "==3.0.1"
        },
        "djangocms-googlemap": {
            "hashes": [
                "sha256:b9a38b3f60892f1426e255574e9efb6ea272e8fcf0c52c3f3d15f3b186fd174a",
                "sha256:b9c00b9eeb5a62fe17627f03aefb8956c3d82c581571c86d079b805d998cb029"
            ],
            "index": "pypi",
            "version": "==2.2.0"
        },
        "djangocms-icon": {
            "hashes": [
                "sha256:47cb98354b1b4ff5115757b3e37c573148c017ec29fcf78721426589cefdfb6d",
                "sha256:c0074762e70d39e0bb4586d54f654c9345ec4387de9f73517e56fd937a5751ae"
            ],
            "version": "==2.0.0"
        },
        "djangocms-link": {
            "hashes": [
                "sha256:1ee4c34fe08830fcf41ed85bfc40d869b3ac42dde7c351814ebd7b1181cb4c18",
                "sha256:e9e989b851ba93ca5e57c497c4e989fe76f16979467c6093f51349b43eba4391"
            ],
            "index": "pypi",
            "version": "==3.1.1"
        },
        "djangocms-picture": {
            "hashes": [
                "sha256:29ffadc514bfa306ec1f2ebb145391b9b860c12ba001e2475dffb5fe1be5cac2",
                "sha256:d5a568f7bbbed7f9af3c7eb4901ec95b94ccdbc16b3debf52ae98f2ec6920671"
            ],
            "index": "pypi",
            "version": "==4.1.1"
        },
        "djangocms-snippet": {
            "hashes": [
                "sha256:4bc50ca833615b6dde425711a4eda42bf63f226c3521580b15c44ff89c744432",
                "sha256:ecd4f43de121728d8f65b1267b88d66fa5b686f9bb7f79d3b15d7d2c5332c751"
            ],
            "index": "pypi",
            "markers": "python_version >= '3.5'",
            "version": "==3.1.1"
        },
        "djangocms-style": {
            "hashes": [
                "sha256:2572ec6eaee73124f588ed007ab563ab668e699f1767c27dc7215d0f9c5741e3",
                "sha256:2f28dfc299615b51b57cdc92ccdd3db1aba706d42d7038335b25f893fabfa1c5"
            ],
            "index": "pypi",
            "version": "==3.1.0"
        },
        "djangocms-text-ckeditor": {
            "hashes": [
                "sha256:d3e7ac79ca04bbb8c20de313ae1a4c9f0e4a79479b0f3b7a7b196c4f0b34ab29",
                "sha256:eca45b3393879c61bb69d3c23df14a5fd4bef1f2ad66dc36a5bf7bfe06c6b7c3"
            ],
            "index": "pypi",
            "markers": "python_version >= '3.7'",
            "version": "==5.1.5"
        },
        "djangocms-video": {
            "hashes": [
                "sha256:439e8fea5a6978138365c021a84589e2197f78b1cf2df54f369d2f77b1e7ebdb",
                "sha256:ecb0d857f5f64c32015b898f829ab16034ea70789e7896009693c086bbd328cd"
            ],
            "index": "pypi",
            "version": "==3.1.0"
        },
        "djangorestframework": {
            "hashes": [
                "sha256:3ccc0475bce968608cf30d07fb17d8e52d1d7fc8bfe779c905463200750cbca6",
                "sha256:f88fad74183dfc7144b2756d0d2ac716ea5b4c7c9840995ac3bfd8ec034333c1"
            ],
            "index": "pypi",
            "markers": "python_version >= '3.6'",
            "version": "==3.15.1"
        },
        "easy-thumbnails": {
            "extras": [
                "svg"
            ],
            "hashes": [
                "sha256:7e4e912609fc9b60b3a1fef6557ec15ddf9c4f946267a92e6920dfd4dd765e35",
                "sha256:97f5a5278d8b6c1f5b1b7473f3737d29b18f5c1159cbdf0ab28674fdac2f8c87"
            ],
            "markers": "python_version >= '3.6'",
            "version": "==2.8.5"
        },
        "html5lib": {
            "hashes": [
                "sha256:0d78f8fde1c230e99fe37986a60526d7049ed4bf8a9fadbad5f00e22e58e041d",
                "sha256:b2e5b40261e20f354d198eae92afc10d750afb487ed5e50f9c4eaf07c184146f"
            ],
            "markers": "python_version >= '2.7' and python_version not in '3.0, 3.1, 3.2, 3.3, 3.4'",
            "version": "==1.1"
        },
        "ldap3": {
            "hashes": [
                "sha256:2bc966556fc4d4fa9f445a1c31dc484ee81d44a51ab0e2d0fd05b62cac75daa6",
                "sha256:5630d1383e09ba94839e253e013f1aa1a2cf7a547628ba1265cb7b9a844b5687",
                "sha256:5869596fc4948797020d3f03b7939da938778a0f9e2009f7a072ccf92b8e8d70",
                "sha256:5ab7febc00689181375de40c396dcad4f2659cd260fc5e94c508b6d77c17e9d5",
                "sha256:f3e7fc4718e3f09dda568b57100095e0ce58633bcabbed8667ce3f8fbaa4229f"
            ],
            "index": "pypi",
            "version": "==2.9.1"
        },
        "lxml": {
            "hashes": [
                "sha256:036b36c48cd775e4fd2084b34ae62ffeefa7a01f955f5a5b816f9257c308cfc0",
                "sha256:04ef231dde88294a5499f61a74cdc42af97d8d5ecec1b0a645d1c7d436942789",
                "sha256:071e5123d1eca861708c4be5b54e4d88923fa33fab3aa02722e907518b07071c",
                "sha256:0e46181d15fae102c53621bed9356b7a599a1e837b978c934a350dd00842b1d9",
                "sha256:13b73d78a8023203722cf98e9ea0b222da83110d1d5ef437ef8782a7755b4586",
                "sha256:1528b37e83c3aeecb438e76e5be6279b353275560125a9c3f4d74642c5f110f9",
                "sha256:161838cb95c97e8d76d01e544a3570b52ab6b863f4897a90e1f073bb110a75ba",
                "sha256:19c6bc7476eeac4598ff925ae98597610109e21af4cd7ab1e060efcfc4b1c6e2",
                "sha256:1b0611bba10d6f5467b86673e8f6bba4de0d00f7d111eea843bc872abfe11b5c",
                "sha256:1d0270d33fbde6e1c6758ff58e2e284144f5331aa05dfe7f44ceafdf4e9d31aa",
                "sha256:1d380f183bd03ab827899753ea96dabe27d2025eb0bfd4f2ac0eee4afa0f351d",
                "sha256:20cd17eb21f5ae54da96791c49e1fbd3327bf66b2c00556cdf8d0552c2270f92",
                "sha256:26974096654241df08a30dc2eb0e139c1ad5653660aa4b2ced66000230e96c14",
                "sha256:2992480a25434d2df31413136ef87effab14d43b07f1f54c5012c4f6c7530144",
                "sha256:29b2771b4eec4e85063f10294facdd9829d010e6cc9668040d0cf936dc56733a",
                "sha256:2de00750318ae6869b9dfa6429a4f82b8ecad043049414547474d09db549c2ee",
                "sha256:318847c165063549c8fda6b162a0d068689b10deb825cb3859caef69fddaaaff",
                "sha256:3641bc124b037921de4220538a5ebb52354fd2799fc2bbfb335d28096063c7d6",
                "sha256:3a6e9b34f59c9755aa279c652e1c48c333c665d05a88afcd8e5ff0bde86f3b14",
                "sha256:3c5940f188189956ccb3d1adb413001ada79f2d2b81087d2612a0cc4a1197eed",
                "sha256:3da8db291568c27b2bb248dcfc8838ca3149f373a24e204bcd1c2c89e2813d14",
                "sha256:42a8aa957e98bd8b884a8142175ec24ce4ef0a57760e8879f193bfe64b757ca9",
                "sha256:43f21b5929185fa4560836942020bb00a0fcdec9f67be98cac1a4b99501757c1",
                "sha256:48dd28b9f410329de709a4bb6169c58f2cd8bff25f5a48d647678ec9b8a40c65",
                "sha256:4958c378d9387c45ef8c4859495cf6be76f863e4e3b31494f6ec7f2c48d3b8e3",
                "sha256:50007f4e94dc4e38030487a8b6c4af87a2d51ed059c7b74b29e3dd937cb1dfe1",
                "sha256:5020b3081030b5cfc8149eee231167aea4ff68df73a610e1d542809e1f11fde7",
                "sha256:52358249292bc155af681a9240ec3d944c1195f0124aa10ec4e3635adc1e10a1",
                "sha256:55e13a19829dcdbf0c5233062977aeb6daf72e65124909128045976f659164e8",
                "sha256:56f1e813ff660d031c77edba90a068d57e47ae93a9e811330fc88946fa68af9a",
                "sha256:59ca75cfcf646ff64aa19ca4e7fd2a0fde77268d5a87856525d9e0b69b77d0c4",
                "sha256:5bd2595ebe95214446e00a1ab94571f778b126e17736ea222c07505c4e092289",
                "sha256:5dcb373720b70aa05419e508265dd86f06886ca0388967f6f024fbc4d551379f",
                "sha256:60ceffdca5d637fe8ee95c7f06733a6c9646e07da80997efe3af2d4b4f366e36",
                "sha256:666432274881cb2535e71dbe745e08ef10fe25c81fbb1a6b1e3c973177823b0c",
                "sha256:68eed33377a9925aed7ba56c8611d50aaa1e45638c07a92b4b4b0a0436cc2dd2",
                "sha256:6c49eb5deaed1990fde5b5d80d6800aec1b5fd6113346b5f11068d988f68f2c4",
                "sha256:74d0967c6f91eec6fe91159f9e8ccb3720fa0fbf9f462109c7bef62550df397c",
                "sha256:77425482e4311d1cff119a2b5ab26c52ec209d2a3d728a54db3223ab91995e20",
                "sha256:77842b79b63c83c04dcfe2f045c78e15e4d97c86838eabd2e6518c1ed97e3900",
                "sha256:81107c8de3e463052ae8fd05fd31b97c371c7a9ce4a189b8bb5f45b0b3545fb9",
                "sha256:87b67d8620c2725d666e5d88ddba56bcdb1f52211a2e7d22f951b67c35f7f627",
                "sha256:8a943826e7a9254eed661a7134fcde3c832a9fecd989d0f47c6e08c7b769cb2c",
                "sha256:906966babd374fdfe46e130fc656488003f0d0d63b7cba612aa5a796c8804283",
                "sha256:9113fe65a62f834b8e994c8f48e7b2179bf81878c0ec80ad7feba51ab9417663",
                "sha256:95a51324a55000c55f4ab79e1f7f1e0bc42b7a24e39633f79542753023a9d4b7",
                "sha256:99bcdf665576a26b44c7ce767d76b769a4418b0a13cda8300b26fb7b2647bd5b",
                "sha256:9c03f3715c68fc707d9383d56e482d95d198ba07cb3dad4aee9e5a5ca06b2536",
                "sha256:9cc30dc3c49ea914fa62ea73b57198b541cf2cd522fcf2b9559f99a24df769bb",
                "sha256:a02ed1ebc469734dbfed5b688f709334de19e7a333cba7ae187b17d2b2c1d4ff",
                "sha256:a103426e809640a2d985062d2f4b28db2f0fe4469ff72a67cb31fa70613158f1",
                "sha256:a305d0469177fd78a0a9aa2231c60218266bb85d4b7955f9b67dab628c9267fd",
                "sha256:a76a7b35e7660c74eb3f943c19f5f78c882dceab890cf8017027b6100b79ad8e",
                "sha256:a94a97380ad689d751eb0a1e1ccd2a0622c5141771a31abe9a16075f80027e95",
                "sha256:acff17e0cd5344677757a152631d8411efac6a84e4476d60123a9b33f5d6c511",
                "sha256:adedfb61be862f48907218e3a24bf051fd2ecca53358f3958b0bdb17d7881c20",
                "sha256:adff469b7dbfe9f3babc9e4479449ee97085ba70ac492fbe5f0f7217940c6731",
                "sha256:aff34295a6c87638a1f1905355cf3a97e4026c45c0cf3bb6ed6bc35b885b4a33",
                "sha256:b174885fd2cabd1ad48585296f495e25d607f02db99668c08b2afaceb668e21b",
                "sha256:bc6904519dd1f92eb82f7d49814a33bbc444d0b66b1438e76daf3f79ef4aa38f",
                "sha256:bd46b5b19ac969de8e87fb3d04414641d12ee489e2ea6cc75344087829b31c63",
                "sha256:bf7e57dbe7b3c605e63849d9c8dae246a6ab9002223c57cd3f3dec7c3a0a8e6d",
                "sha256:bfbdadc3cfe552331ecb0bbdcabf148d1697c73aa4321151e0e6c1704eeb76a7",
                "sha256:c7c1d2f6e9c7a1c4478146ee38d16dbe0eb3be998424bc0f01346c671c38b86d",
                "sha256:d1abbf2249467a37da45fb2d7ff37e578dfc9813f142800e58db9da761cb7899",
                "sha256:d1f4d37b3f8d2d44493edce3d65ac987127bababd8ae208a6f0d7d260852346e",
                "sha256:d26243d994d4077a50056e9008848e5b421be0c6f0fd4e932a9463e1d89fc42b",
                "sha256:d55ddc73dec971277b181a6d1a6abdd34f50e4511e1e60f6b4ebe22cbaad05bb",
                "sha256:d9358f7268c161dc0a1c3216018f26c04954b5dd47ba6dead79da6598f4725d4",
                "sha256:d94a28c16cc430b68c374b37b8bb536ba5f0a4a080be0e1daa8310c44a00a75c",
                "sha256:dec3491aa69a91ed07f5e6bc033e2b1a9424447ad5312ee69ac973e94d79083a",
                "sha256:f05ab8cea65363d0cc7ce818f42407504b6d94ca885b4cde0270f021e2f4ef61",
                "sha256:f1d0824e3ddb969fe1337b1bc45cf0bec8095b342f36903f41a74b7769cc8c73",
                "sha256:f8682af96b5ad5093aab9eee5e4ff24cb7a9796c78699d914dd456ebfe7484a6"
            ],
            "markers": "python_version >= '3.6'",
            "version": "==5.1.1"
        },
        "packaging": {
            "hashes": [
                "sha256:2ddfb553fdf02fb784c234c7ba6ccc288296ceabec964ad2eae3777778130bc5",
                "sha256:eb82c5e3e56209074766e6885bb04b8c38a0c015d0a30036ebe7ece34c9989e9"
            ],
            "index": "pypi",
            "markers": "python_version >= '3.7'",
            "version": "==24.0"
        },
        "pillow": {
            "hashes": [
                "sha256:0304004f8067386b477d20a518b50f3fa658a28d44e4116970abfcd94fac34a8",
                "sha256:0689b5a8c5288bc0504d9fcee48f61a6a586b9b98514d7d29b840143d6734f39",
                "sha256:0eae2073305f451d8ecacb5474997c08569fb4eb4ac231ffa4ad7d342fdc25ac",
                "sha256:0fb3e7fc88a14eacd303e90481ad983fd5b69c761e9e6ef94c983f91025da869",
                "sha256:11fa2e5984b949b0dd6d7a94d967743d87c577ff0b83392f17cb3990d0d2fd6e",
                "sha256:127cee571038f252a552760076407f9cff79761c3d436a12af6000cd182a9d04",
                "sha256:154e939c5f0053a383de4fd3d3da48d9427a7e985f58af8e94d0b3c9fcfcf4f9",
                "sha256:15587643b9e5eb26c48e49a7b33659790d28f190fc514a322d55da2fb5c2950e",
                "sha256:170aeb00224ab3dc54230c797f8404507240dd868cf52066f66a41b33169bdbe",
                "sha256:1b5e1b74d1bd1b78bc3477528919414874748dd363e6272efd5abf7654e68bef",
                "sha256:1da3b2703afd040cf65ec97efea81cfba59cdbed9c11d8efc5ab09df9509fc56",
                "sha256:1e23412b5c41e58cec602f1135c57dfcf15482013ce6e5f093a86db69646a5aa",
                "sha256:2247178effb34a77c11c0e8ac355c7a741ceca0a732b27bf11e747bbc950722f",
                "sha256:257d8788df5ca62c980314053197f4d46eefedf4e6175bc9412f14412ec4ea2f",
                "sha256:3031709084b6e7852d00479fd1d310b07d0ba82765f973b543c8af5061cf990e",
                "sha256:322209c642aabdd6207517e9739c704dc9f9db943015535783239022002f054a",
                "sha256:322bdf3c9b556e9ffb18f93462e5f749d3444ce081290352c6070d014c93feb2",
                "sha256:33870dc4653c5017bf4c8873e5488d8f8d5f8935e2f1fb9a2208c47cdd66efd2",
                "sha256:35bb52c37f256f662abdfa49d2dfa6ce5d93281d323a9af377a120e89a9eafb5",
                "sha256:3c31822339516fb3c82d03f30e22b1d038da87ef27b6a78c9549888f8ceda39a",
                "sha256:3eedd52442c0a5ff4f887fab0c1c0bb164d8635b32c894bc1faf4c618dd89df2",
                "sha256:3ff074fc97dd4e80543a3e91f69d58889baf2002b6be64347ea8cf5533188213",
                "sha256:47c0995fc4e7f79b5cfcab1fc437ff2890b770440f7696a3ba065ee0fd496563",
                "sha256:49d9ba1ed0ef3e061088cd1e7538a0759aab559e2e0a80a36f9fd9d8c0c21591",
                "sha256:51f1a1bffc50e2e9492e87d8e09a17c5eea8409cda8d3f277eb6edc82813c17c",
                "sha256:52a50aa3fb3acb9cf7213573ef55d31d6eca37f5709c69e6858fe3bc04a5c2a2",
                "sha256:54f1852cd531aa981bc0965b7d609f5f6cc8ce8c41b1139f6ed6b3c54ab82bfb",
                "sha256:609448742444d9290fd687940ac0b57fb35e6fd92bdb65386e08e99af60bf757",
                "sha256:69ffdd6120a4737710a9eee73e1d2e37db89b620f702754b8f6e62594471dee0",
                "sha256:6fad5ff2f13d69b7e74ce5b4ecd12cc0ec530fcee76356cac6742785ff71c452",
                "sha256:7049e301399273a0136ff39b84c3678e314f2158f50f517bc50285fb5ec847ad",
                "sha256:70c61d4c475835a19b3a5aa42492409878bbca7438554a1f89d20d58a7c75c01",
                "sha256:716d30ed977be8b37d3ef185fecb9e5a1d62d110dfbdcd1e2a122ab46fddb03f",
                "sha256:753cd8f2086b2b80180d9b3010dd4ed147efc167c90d3bf593fe2af21265e5a5",
                "sha256:773efe0603db30c281521a7c0214cad7836c03b8ccff897beae9b47c0b657d61",
                "sha256:7823bdd049099efa16e4246bdf15e5a13dbb18a51b68fa06d6c1d4d8b99a796e",
                "sha256:7c8f97e8e7a9009bcacbe3766a36175056c12f9a44e6e6f2d5caad06dcfbf03b",
                "sha256:823ef7a27cf86df6597fa0671066c1b596f69eba53efa3d1e1cb8b30f3533068",
                "sha256:8373c6c251f7ef8bda6675dd6d2b3a0fcc31edf1201266b5cf608b62a37407f9",
                "sha256:83b2021f2ade7d1ed556bc50a399127d7fb245e725aa0113ebd05cfe88aaf588",
                "sha256:870ea1ada0899fd0b79643990809323b389d4d1d46c192f97342eeb6ee0b8483",
                "sha256:8d12251f02d69d8310b046e82572ed486685c38f02176bd08baf216746eb947f",
                "sha256:9c23f307202661071d94b5e384e1e1dc7dfb972a28a2310e4ee16103e66ddb67",
                "sha256:9d189550615b4948f45252d7f005e53c2040cea1af5b60d6f79491a6e147eef7",
                "sha256:a086c2af425c5f62a65e12fbf385f7c9fcb8f107d0849dba5839461a129cf311",
                "sha256:a2b56ba36e05f973d450582fb015594aaa78834fefe8dfb8fcd79b93e64ba4c6",
                "sha256:aebb6044806f2e16ecc07b2a2637ee1ef67a11840a66752751714a0d924adf72",
                "sha256:b1b3020d90c2d8e1dae29cf3ce54f8094f7938460fb5ce8bc5c01450b01fbaf6",
                "sha256:b4b6b1e20608493548b1f32bce8cca185bf0480983890403d3b8753e44077129",
                "sha256:b6f491cdf80ae540738859d9766783e3b3c8e5bd37f5dfa0b76abdecc5081f13",
                "sha256:b792a349405fbc0163190fde0dc7b3fef3c9268292586cf5645598b48e63dc67",
                "sha256:b7c2286c23cd350b80d2fc9d424fc797575fb16f854b831d16fd47ceec078f2c",
                "sha256:babf5acfede515f176833ed6028754cbcd0d206f7f614ea3447d67c33be12516",
                "sha256:c365fd1703040de1ec284b176d6af5abe21b427cb3a5ff68e0759e1e313a5e7e",
                "sha256:c4225f5220f46b2fde568c74fca27ae9771536c2e29d7c04f4fb62c83275ac4e",
                "sha256:c570f24be1e468e3f0ce7ef56a89a60f0e05b30a3669a459e419c6eac2c35364",
                "sha256:c6dafac9e0f2b3c78df97e79af707cdc5ef8e88208d686a4847bab8266870023",
                "sha256:c8de2789052ed501dd829e9cae8d3dcce7acb4777ea4a479c14521c942d395b1",
                "sha256:cb28c753fd5eb3dd859b4ee95de66cc62af91bcff5db5f2571d32a520baf1f04",
                "sha256:cb4c38abeef13c61d6916f264d4845fab99d7b711be96c326b84df9e3e0ff62d",
                "sha256:d1b35bcd6c5543b9cb547dee3150c93008f8dd0f1fef78fc0cd2b141c5baf58a",
                "sha256:d8e6aeb9201e655354b3ad049cb77d19813ad4ece0df1249d3c793de3774f8c7",
                "sha256:d8ecd059fdaf60c1963c58ceb8997b32e9dc1b911f5da5307aab614f1ce5c2fb",
                "sha256:da2b52b37dad6d9ec64e653637a096905b258d2fc2b984c41ae7d08b938a67e4",
                "sha256:e87f0b2c78157e12d7686b27d63c070fd65d994e8ddae6f328e0dcf4a0cd007e",
                "sha256:edca80cbfb2b68d7b56930b84a0e45ae1694aeba0541f798e908a49d66b837f1",
                "sha256:f379abd2f1e3dddb2b61bc67977a6b5a0a3f7485538bcc6f39ec76163891ee48",
                "sha256:fe4c15f6c9285dc54ce6553a3ce908ed37c8f3825b5a51a15c91442bb955b868"
            ],
            "markers": "python_version >= '3.8'",
            "version": "==10.2.0"
        },
        "pyasn1": {
            "hashes": [
                "sha256:3a35ab2c4b5ef98e17dfdec8ab074046fbda76e281c5a706ccd82328cfc8f64c",
                "sha256:cca4bb0f2df5504f02f6f8a775b6e416ff9b0b3b16f7ee80b5a3153d9b804473"
            ],
            "markers": "python_version >= '3.8'",
            "version": "==0.6.0"
        },
        "pytz": {
            "hashes": [
                "sha256:2a29735ea9c18baf14b448846bde5a48030ed267578472d8955cd0e7443a9812",
                "sha256:328171f4e3623139da4983451950b28e95ac706e13f3f2630a879749e7a8b319"
            ],
            "version": "==2024.1"
        },
        "reportlab": {
            "hashes": [
                "sha256:28a40d5000afbd8ccae15a47f7abe2841768461354bede1a9d42841132997c98",
                "sha256:3a99faf412691159c068b3ff01c15307ce2fd2cf6b860199434874e002040a84"
            ],
            "markers": "python_version >= '3.7' and python_version < '4'",
            "version": "==4.1.0"
        },
        "setuptools": {
            "hashes": [
                "sha256:0ff4183f8f42cd8fa3acea16c45205521a4ef28f73c6391d8a25e92893134f2e",
                "sha256:c21c49fb1042386df081cb5d86759792ab89efca84cf114889191cd09aacc80c"
            ],
            "index": "pypi",
            "markers": "python_version >= '3.8'",
            "version": "==69.2.0"
        },
        "six": {
            "hashes": [
                "sha256:1e61c37477a1626458e36f7b1d82aa5c9b094fa4802892072e49de9c60c4c926",
                "sha256:8abb2f1d86890a2dfb989f9a77cfcfd3e47c2a354b01111771326f8aa26e0254"
            ],
            "index": "pypi",
            "markers": "python_version >= '2.7' and python_version not in '3.0, 3.1, 3.2, 3.3'",
            "version": "==1.16.0"
        },
        "sqlparse": {
            "hashes": [
                "sha256:5430a4fe2ac7d0f93e66f1efc6e1338a41884b7ddf2a350cedd20ccc4d9d28f3",
                "sha256:d446183e84b8349fa3061f0fe7f06ca94ba65b426946ffebe6e3e8295332420c"
            ],
            "markers": "python_version >= '3.5'",
            "version": "==0.4.4"
        },
        "svglib": {
            "hashes": [
                "sha256:3ae765d3a9409ee60c0fb4d24c2deb6a80617aa927054f5bcd7fc98f0695e587"
            ],
            "markers": "python_version >= '3.7'",
            "version": "==1.5.1"
        },
        "tinycss2": {
            "hashes": [
                "sha256:2b80a96d41e7c3914b8cda8bc7f705a4d9c49275616e886103dd839dfc847847",
                "sha256:8cff3a8f066c2ec677c06dbc7b45619804a6938478d9d73c284b29d14ecb0627"
            ],
            "markers": "python_version >= '3.7'",
            "version": "==1.2.1"
        },
        "webencodings": {
            "hashes": [
                "sha256:a0af1213f3c2226497a97e2b3aa01a7e4bee4f403f95be16fc9acd2947514a78",
                "sha256:b36a1c245f2d304965eb4e0a82848379241dc04b865afcc4aab16748587e1923"
            ],
            "version": "==0.5.1"
        }
    },
    "develop": {
        "asgiref": {
            "hashes": [
                "sha256:3e1e3ecc849832fe52ccf2cb6686b7a55f82bb1d6aee72a58826471390335e47",
                "sha256:c343bd80a0bec947a9860adb4c432ffa7db769836c64238fc34bdc3fec84d590"
            ],
            "markers": "python_version >= '3.8'",
            "version": "==3.8.1"
        },
        "asttokens": {
            "hashes": [
                "sha256:051ed49c3dcae8913ea7cd08e46a606dba30b79993209636c4875bc1d637bc24",
                "sha256:b03869718ba9a6eb027e134bfdf69f38a236d681c83c160d510768af11254ba0"
            ],
            "version": "==2.4.1"
        },
        "crispy-bootstrap4": {
            "hashes": [
                "sha256:5241ab1dc2188c95560aa786439bcbedec7416e6b0f5a52dded82380810367ec",
                "sha256:f18386c4d96180c1bb1212487d6e8f5a3dd1a9bb58d3032183973d4d130b55f9"
            ],
            "index": "pypi",
            "markers": "python_version >= '3.7'",
            "version": "==2022.1"
        },
        "decorator": {
            "hashes": [
                "sha256:637996211036b6385ef91435e4fae22989472f9d571faba8927ba8253acbc330",
                "sha256:b8c3f85900b9dc423225913c5aace94729fe1fa9763b38939a95226f02d37186"
            ],
            "markers": "python_version >= '3.5'",
            "version": "==5.1.1"
        },
        "django": {
            "hashes": [
                "sha256:7ca38a78654aee72378594d63e51636c04b8e28574f5505dff630895b5472777",
                "sha256:a52ea7fcf280b16f7b739cec38fa6d3f8953a5456986944c3ca97e79882b4e38"
            ],
            "index": "pypi",
            "markers": "python_version >= '3.6'",
            "version": "==3.2.25"
        },
        "django-crispy-forms": {
            "hashes": [
                "sha256:90193b068bf948d9c68449bc8260afed1a8e2afe11ee0bac8c4ebfaeb175b322",
                "sha256:d1d4e585929058a9ab3b797666ea5b69320b9ba7937f9d146d32173246a6fd13"
            ],
            "index": "pypi",
            "markers": "python_version >= '3.7'",
            "version": "==2.0"
        },
        "django-debug-toolbar": {
            "hashes": [
                "sha256:0b0dddee5ea29b9cb678593bc0d7a6d76b21d7799cb68e091a2148341a80f3c4",
                "sha256:e09b7dcb8417b743234dfc57c95a7c1d1d87a88844abd13b4c5387f807b31bf6"
            ],
            "index": "pypi",
            "markers": "python_version >= '3.8'",
            "version": "==4.3.0"
        },
        "django-extensions": {
            "hashes": [
                "sha256:44d27919d04e23b3f40231c4ab7af4e61ce832ef46d610cc650d53e68328410a",
                "sha256:9600b7562f79a92cbf1fde6403c04fee314608fefbb595502e34383ae8203401"
            ],
            "index": "pypi",
            "markers": "python_version >= '3.6'",
            "version": "==3.2.3"
        },
        "executing": {
            "hashes": [
                "sha256:35afe2ce3affba8ee97f2d69927fa823b08b472b7b994e36a52a964b93d16147",
                "sha256:eac49ca94516ccc753f9fb5ce82603156e590b27525a8bc32cce8ae302eb61bc"
            ],
            "markers": "python_version >= '3.5'",
            "version": "==2.0.1"
        },
        "ipython": {
            "hashes": [
                "sha256:2dcaad9049f9056f1fef63514f176c7d41f930daa78d05b82a176202818f2c14",
                "sha256:3c86f284c8f3d8f2b6c662f885c4889a91df7cd52056fd02b7d8d6195d7f56e9"
            ],
            "index": "pypi",
            "markers": "python_version >= '3.10'",
            "version": "==8.22.2"
        },
        "jedi": {
            "hashes": [
                "sha256:cf0496f3651bc65d7174ac1b7d043eff454892c708a87d1b683e57b569927ffd",
                "sha256:e983c654fe5c02867aef4cdfce5a2fbb4a50adc0af145f70504238f18ef5e7e0"
            ],
            "markers": "python_version >= '3.6'",
            "version": "==0.19.1"
        },
        "markupsafe": {
            "hashes": [
                "sha256:00e046b6dd71aa03a41079792f8473dc494d564611a8f89bbbd7cb93295ebdcf",
                "sha256:075202fa5b72c86ad32dc7d0b56024ebdbcf2048c0ba09f1cde31bfdd57bcfff",
                "sha256:0e397ac966fdf721b2c528cf028494e86172b4feba51d65f81ffd65c63798f3f",
                "sha256:17b950fccb810b3293638215058e432159d2b71005c74371d784862b7e4683f3",
                "sha256:1f3fbcb7ef1f16e48246f704ab79d79da8a46891e2da03f8783a5b6fa41a9532",
                "sha256:2174c595a0d73a3080ca3257b40096db99799265e1c27cc5a610743acd86d62f",
                "sha256:2b7c57a4dfc4f16f7142221afe5ba4e093e09e728ca65c51f5620c9aaeb9a617",
                "sha256:2d2d793e36e230fd32babe143b04cec8a8b3eb8a3122d2aceb4a371e6b09b8df",
                "sha256:30b600cf0a7ac9234b2638fbc0fb6158ba5bdcdf46aeb631ead21248b9affbc4",
                "sha256:397081c1a0bfb5124355710fe79478cdbeb39626492b15d399526ae53422b906",
                "sha256:3a57fdd7ce31c7ff06cdfbf31dafa96cc533c21e443d57f5b1ecc6cdc668ec7f",
                "sha256:3c6b973f22eb18a789b1460b4b91bf04ae3f0c4234a0a6aa6b0a92f6f7b951d4",
                "sha256:3e53af139f8579a6d5f7b76549125f0d94d7e630761a2111bc431fd820e163b8",
                "sha256:4096e9de5c6fdf43fb4f04c26fb114f61ef0bf2e5604b6ee3019d51b69e8c371",
                "sha256:4275d846e41ecefa46e2015117a9f491e57a71ddd59bbead77e904dc02b1bed2",
                "sha256:4c31f53cdae6ecfa91a77820e8b151dba54ab528ba65dfd235c80b086d68a465",
                "sha256:4f11aa001c540f62c6166c7726f71f7573b52c68c31f014c25cc7901deea0b52",
                "sha256:5049256f536511ee3f7e1b3f87d1d1209d327e818e6ae1365e8653d7e3abb6a6",
                "sha256:58c98fee265677f63a4385256a6d7683ab1832f3ddd1e66fe948d5880c21a169",
                "sha256:598e3276b64aff0e7b3451b72e94fa3c238d452e7ddcd893c3ab324717456bad",
                "sha256:5b7b716f97b52c5a14bffdf688f971b2d5ef4029127f1ad7a513973cfd818df2",
                "sha256:5dedb4db619ba5a2787a94d877bc8ffc0566f92a01c0ef214865e54ecc9ee5e0",
                "sha256:619bc166c4f2de5caa5a633b8b7326fbe98e0ccbfacabd87268a2b15ff73a029",
                "sha256:629ddd2ca402ae6dbedfceeba9c46d5f7b2a61d9749597d4307f943ef198fc1f",
                "sha256:656f7526c69fac7f600bd1f400991cc282b417d17539a1b228617081106feb4a",
                "sha256:6ec585f69cec0aa07d945b20805be741395e28ac1627333b1c5b0105962ffced",
                "sha256:72b6be590cc35924b02c78ef34b467da4ba07e4e0f0454a2c5907f473fc50ce5",
                "sha256:7502934a33b54030eaf1194c21c692a534196063db72176b0c4028e140f8f32c",
                "sha256:7a68b554d356a91cce1236aa7682dc01df0edba8d043fd1ce607c49dd3c1edcf",
                "sha256:7b2e5a267c855eea6b4283940daa6e88a285f5f2a67f2220203786dfa59b37e9",
                "sha256:823b65d8706e32ad2df51ed89496147a42a2a6e01c13cfb6ffb8b1e92bc910bb",
                "sha256:8590b4ae07a35970728874632fed7bd57b26b0102df2d2b233b6d9d82f6c62ad",
                "sha256:8dd717634f5a044f860435c1d8c16a270ddf0ef8588d4887037c5028b859b0c3",
                "sha256:8dec4936e9c3100156f8a2dc89c4b88d5c435175ff03413b443469c7c8c5f4d1",
                "sha256:97cafb1f3cbcd3fd2b6fbfb99ae11cdb14deea0736fc2b0952ee177f2b813a46",
                "sha256:a17a92de5231666cfbe003f0e4b9b3a7ae3afb1ec2845aadc2bacc93ff85febc",
                "sha256:a549b9c31bec33820e885335b451286e2969a2d9e24879f83fe904a5ce59d70a",
                "sha256:ac07bad82163452a6884fe8fa0963fb98c2346ba78d779ec06bd7a6262132aee",
                "sha256:ae2ad8ae6ebee9d2d94b17fb62763125f3f374c25618198f40cbb8b525411900",
                "sha256:b91c037585eba9095565a3556f611e3cbfaa42ca1e865f7b8015fe5c7336d5a5",
                "sha256:bc1667f8b83f48511b94671e0e441401371dfd0f0a795c7daa4a3cd1dde55bea",
                "sha256:bec0a414d016ac1a18862a519e54b2fd0fc8bbfd6890376898a6c0891dd82e9f",
                "sha256:bf50cd79a75d181c9181df03572cdce0fbb75cc353bc350712073108cba98de5",
                "sha256:bff1b4290a66b490a2f4719358c0cdcd9bafb6b8f061e45c7a2460866bf50c2e",
                "sha256:c061bb86a71b42465156a3ee7bd58c8c2ceacdbeb95d05a99893e08b8467359a",
                "sha256:c8b29db45f8fe46ad280a7294f5c3ec36dbac9491f2d1c17345be8e69cc5928f",
                "sha256:ce409136744f6521e39fd8e2a24c53fa18ad67aa5bc7c2cf83645cce5b5c4e50",
                "sha256:d050b3361367a06d752db6ead6e7edeb0009be66bc3bae0ee9d97fb326badc2a",
                "sha256:d283d37a890ba4c1ae73ffadf8046435c76e7bc2247bbb63c00bd1a709c6544b",
                "sha256:d9fad5155d72433c921b782e58892377c44bd6252b5af2f67f16b194987338a4",
                "sha256:daa4ee5a243f0f20d528d939d06670a298dd39b1ad5f8a72a4275124a7819eff",
                "sha256:db0b55e0f3cc0be60c1f19efdde9a637c32740486004f20d1cff53c3c0ece4d2",
                "sha256:e61659ba32cf2cf1481e575d0462554625196a1f2fc06a1c777d3f48e8865d46",
                "sha256:ea3d8a3d18833cf4304cd2fc9cbb1efe188ca9b5efef2bdac7adc20594a0e46b",
                "sha256:ec6a563cff360b50eed26f13adc43e61bc0c04d94b8be985e6fb24b81f6dcfdf",
                "sha256:f5dfb42c4604dddc8e4305050aa6deb084540643ed5804d7455b5df8fe16f5e5",
                "sha256:fa173ec60341d6bb97a89f5ea19c85c5643c1e7dedebc22f5181eb73573142c5",
                "sha256:fa9db3f79de01457b03d4f01b34cf91bc0048eb2c3846ff26f66687c2f6d16ab",
                "sha256:fce659a462a1be54d2ffcacea5e3ba2d74daa74f30f5f143fe0c58636e355fdd",
                "sha256:ffee1f21e5ef0d712f9033568f8344d5da8cc2869dbd08d87c84656e6a2d2f68"
            ],
            "markers": "python_version >= '3.7'",
            "version": "==2.1.5"
        },
        "matplotlib-inline": {
            "hashes": [
                "sha256:f1f41aab5328aa5aaea9b16d083b128102f8712542f819fe7e6a420ff581b311",
                "sha256:f887e5f10ba98e8d2b150ddcf4702c1e5f8b3a20005eb0f74bfdbd360ee6f304"
            ],
            "markers": "python_version >= '3.5'",
            "version": "==0.1.6"
        },
        "parso": {
            "hashes": [
                "sha256:8c07be290bb59f03588915921e29e8a50002acaf2cdc5fa0e0114f91709fafa0",
                "sha256:c001d4636cd3aecdaf33cbb40aebb59b094be2a74c556778ef5576c175e19e75"
            ],
            "markers": "python_version >= '3.6'",
            "version": "==0.8.3"
        },
        "pexpect": {
            "hashes": [
                "sha256:7236d1e080e4936be2dc3e326cec0af72acf9212a7e1d060210e70a47e253523",
                "sha256:ee7d41123f3c9911050ea2c2dac107568dc43b2d3b0c7557a33212c398ead30f"
            ],
            "markers": "sys_platform != 'win32' and sys_platform != 'emscripten'",
            "version": "==4.9.0"
        },
        "prompt-toolkit": {
            "hashes": [
                "sha256:3527b7af26106cbc65a040bcc84839a3566ec1b051bb0bfe953631e704b0ff7d",
                "sha256:a11a29cb3bf0a28a387fe5122cdb649816a957cd9261dcedf8c9f1fef33eacf6"
            ],
            "markers": "python_full_version >= '3.7.0'",
            "version": "==3.0.43"
        },
        "ptyprocess": {
            "hashes": [
                "sha256:4b41f3967fce3af57cc7e94b888626c18bf37a083e3651ca8feeb66d492fef35",
                "sha256:5c5d0a3b48ceee0b48485e0c26037c0acd7d29765ca3fbb5cb3831d347423220"
            ],
            "version": "==0.7.0"
        },
        "pure-eval": {
            "hashes": [
                "sha256:01eaab343580944bc56080ebe0a674b39ec44a945e6d09ba7db3cb8cec289350",
                "sha256:2b45320af6dfaa1750f543d714b6d1c520a1688dec6fd24d339063ce0aaa9ac3"
            ],
            "version": "==0.2.2"
        },
        "pygments": {
            "hashes": [
                "sha256:b27c2826c47d0f3219f29554824c30c5e8945175d888647acd804ddd04af846c",
                "sha256:da46cec9fd2de5be3a8a784f434e4c4ab670b4ff54d605c4c2717e9d49c4c367"
            ],
            "markers": "python_version >= '3.7'",
            "version": "==2.17.2"
        },
        "pytz": {
            "hashes": [
                "sha256:2a29735ea9c18baf14b448846bde5a48030ed267578472d8955cd0e7443a9812",
                "sha256:328171f4e3623139da4983451950b28e95ac706e13f3f2630a879749e7a8b319"
            ],
            "version": "==2024.1"
        },
        "six": {
            "hashes": [
                "sha256:1e61c37477a1626458e36f7b1d82aa5c9b094fa4802892072e49de9c60c4c926",
                "sha256:8abb2f1d86890a2dfb989f9a77cfcfd3e47c2a354b01111771326f8aa26e0254"
            ],
            "index": "pypi",
            "markers": "python_version >= '2.7' and python_version not in '3.0, 3.1, 3.2, 3.3'",
            "version": "==1.16.0"
        },
        "sqlparse": {
            "hashes": [
                "sha256:5430a4fe2ac7d0f93e66f1efc6e1338a41884b7ddf2a350cedd20ccc4d9d28f3",
                "sha256:d446183e84b8349fa3061f0fe7f06ca94ba65b426946ffebe6e3e8295332420c"
            ],
            "markers": "python_version >= '3.5'",
            "version": "==0.4.4"
        },
        "stack-data": {
            "hashes": [
                "sha256:836a778de4fec4dcd1dcd89ed8abff8a221f58308462e1c4aa2a3cf30148f0b9",
                "sha256:d5558e0c25a4cb0853cddad3d77da9891a08cb85dd9f9f91b9f8cd66e511e695"
            ],
            "version": "==0.6.3"
        },
        "traitlets": {
            "hashes": [
                "sha256:8cdd83c040dab7d1dee822678e5f5d100b514f7b72b01615b26fc5718916fdf9",
                "sha256:fcdf85684a772ddeba87db2f398ce00b40ff550d1528c03c14dbf6a02003cd80"
            ],
            "markers": "python_version >= '3.8'",
            "version": "==5.14.2"
        },
        "wcwidth": {
            "hashes": [
                "sha256:3da69048e4540d84af32131829ff948f1e022c1c6bdb8d6102117aac784f6859",
                "sha256:72ea0c06399eb286d978fdedb6923a9eb47e1c486ce63e9b4e64fc18303972b5"
            ],
            "version": "==0.2.13"
        },
        "werkzeug": {
            "hashes": [
                "sha256:507e811ecea72b18a404947aded4b3390e1db8f826b494d76550ef45bb3b1dcc",
                "sha256:90a285dc0e42ad56b34e696398b8122ee4c681833fb35b8334a095d82c56da10"
            ],
            "index": "pypi",
            "markers": "python_version >= '3.8'",
            "version": "==3.0.1"
        }
    }
}
